
Microsoft Visual Studio Solution File, Format Version 12.00
# Visual Studio Version 16
VisualStudioVersion = 16.0.31424.327
MinimumVisualStudioVersion = 10.0.40219.1
Project("{FAE04EC0-301F-11D3-BF4B-00C04F79EFBC}") = "ClothStock_ClassLibrary", "ClothStock_ClassLibrary.csproj", "{DB37772B-96AE-48C6-AB8B-A50D80340DE4}"
EndProject
Project("{FAE04EC0-301F-11D3-BF4B-00C04F79EFBC}") = "UnitTest_ClothStock", "..\UnitTest_ClothStock\UnitTest_ClothStock.csproj", "{483C9912-F03C-4D52-995A-85550AA954B4}"
EndProject
Global
	GlobalSection(SolutionConfigurationPlatforms) = preSolution
		Debug|Any CPU = Debug|Any CPU
		Release|Any CPU = Release|Any CPU
	EndGlobalSection
	GlobalSection(ProjectConfigurationPlatforms) = postSolution
		{DB37772B-96AE-48C6-AB8B-A50D80340DE4}.Debug|Any CPU.ActiveCfg = Debug|Any CPU
		{DB37772B-96AE-48C6-AB8B-A50D80340DE4}.Debug|Any CPU.Build.0 = Debug|Any CPU
		{DB37772B-96AE-48C6-AB8B-A50D80340DE4}.Release|Any CPU.ActiveCfg = Release|Any CPU
		{DB37772B-96AE-48C6-AB8B-A50D80340DE4}.Release|Any CPU.Build.0 = Release|Any CPU
		{483C9912-F03C-4D52-995A-85550AA954B4}.Debug|Any CPU.ActiveCfg = Debug|Any CPU
		{483C9912-F03C-4D52-995A-85550AA954B4}.Debug|Any CPU.Build.0 = Debug|Any CPU
		{483C9912-F03C-4D52-995A-85550AA954B4}.Release|Any CPU.ActiveCfg = Release|Any CPU
		{483C9912-F03C-4D52-995A-85550AA954B4}.Release|Any CPU.Build.0 = Release|Any CPU
	EndGlobalSection
	GlobalSection(SolutionProperties) = preSolution
		HideSolutionNode = FALSE
	EndGlobalSection
	GlobalSection(ExtensibilityGlobals) = postSolution
		SolutionGuid = {40E7961F-21A4-4313-B87D-45866439F2CD}
	EndGlobalSection
EndGlobal
